{
  "nodes": {
    "home-manager": {
      "inputs": {
        "nixpkgs": [
          "nixpkgs"
        ]
      },
      "locked": {
        "lastModified": 1791484883,
        "narHash": "sha256-iKxFHJrg7Sltwhq3ssCZYQ4CFEDVvReVVuVuO9dj3sE=",
        "owner": "nix-community",
        "repo": "home-manager",
        "rev": "dfadbe5162d5e86bc0808badec8f346f81b4b3f0",
        "type": "github"
      },
      "original": {
        "owner": "nix-community",
        "ref": "master",
        "repo": "home-manager",
        "type": "github"
      }
    },
    "nixpkgs": {
      "locked": {
        "lastModified": 1791456040,
        "narHash": "sha256-H83yz/do+hjOO0uujHyH8RgtIQP2v7Mw+cLwcZK/xKc=",
        "owner": "NixOS",
        "repo": "nixpkgs",
        "rev": "e7439b6b14ad3cc35d05608ebca9bce01a25f5f8",
        "type": "github"
      },
      "original": {
        "owner": "NixOS",
        "ref": "nixos-unstable",
        "repo": "nixpkgs",
        "type": "github"
      }
    },
    "root": {
      "inputs": {
        "home-manager": "home-manager",
        "nixpkgs": "nixpkgs",
        "nixpkgs-unstable": [
          "nixpkgs"
        ],
        "shojiwm": "shojiwm",
        "sonora": "sonora"
      }
    },
    "rust-overlay": {
      "inputs": {
        "nixpkgs": [
          "sonora",
          "nixpkgs"
        ]
      },
      "locked": {
        "lastModified": 1789196581,
        "narHash": "sha256-yJr1Bt4fKkKIpPYbsKGqJ0VFdoDnURgRwuffmBQ2WzY=",
        "owner": "oxalica",
        "repo": "rust-overlay",
        "rev": "228ecefb6329d5a531b77b46b581a2f0c26ee056",
        "type": "github"
      },
      "original": {
        "owner": "oxalica",
        "repo": "rust-overlay",
        "type": "github"
      }
    },
    "shojiwm": {
      "inputs": {
        "nixpkgs": [
          "nixpkgs"
        ]
      },
      "locked": {
        "lastModified": 1791288859,
        "narHash": "sha256-Jah5DBL9Mv4W22YhLpTSuVtLaAzIUm55DM+F3sg2O+w=",
        "owner": "bea4dev",
        "repo": "ShojiWM",
        "rev": "1dd7b5ea87a629a3a1db9ca373ce4ef70dbfca1a",
        "type": "github"
      },
      "original": {
        "owner": "bea4dev",
        "repo": "ShojiWM",
        "type": "github"
      }
    },
    "sonora": {
      "inputs": {
        "nixpkgs": [
          "nixpkgs"
        ],
        "rust-overlay": "rust-overlay"
      },
      "locked": {
        "lastModified": 1791402440,
        "narHash": "sha256-yiunj91zUkRhxF7esHRzSrygPGp18kRpZfGBaqCcc7U=",
        "owner": "sonorahq",
        "repo": "sonora",
        "rev": "8c382f175308021d85e0c25ef74bb2c174ec396e",
        "type": "github"
      },
      "original": {
        "owner": "sonorahq",
        "repo": "sonora",
        "type": "github"
      }
    }
  },
  "root": "root",
  "version": 7
}
